
Microsoft Visual Studio Solution File, Format Version 12.00
# Visual Studio Version 17
VisualStudioVersion = 17.13.35828.75
MinimumVisualStudioVersion = 10.0.40219.1
Project("{FAE04EC0-301F-11D3-BF4B-00C04F79EFBC}") = "JidamVision4", "JidamVision4\JidamVision4.csproj", "{65C6E9AC-8C5F-4388-9B90-505FE228DC7D}"
EndProject
Global
	GlobalSection(SolutionConfigurationPlatforms) = preSolution
		Debug|Any CPU = Debug|Any CPU
		Debug|x64 = Debug|x64
		Release|Any CPU = Release|Any CPU
		Release|x64 = Release|x64
	EndGlobalSection
	GlobalSection(ProjectConfigurationPlatforms) = postSolution
		{65C6E9AC-8C5F-4388-9B90-505FE228DC7D}.Debug|Any CPU.ActiveCfg = Debug|Any CPU
		{65C6E9AC-8C5F-4388-9B90-505FE228DC7D}.Debug|Any CPU.Build.0 = Debug|Any CPU
		{65C6E9AC-8C5F-4388-9B90-505FE228DC7D}.Debug|x64.ActiveCfg = Debug|x64
		{65C6E9AC-8C5F-4388-9B90-505FE228DC7D}.Debug|x64.Build.0 = Debug|x64
		{65C6E9AC-8C5F-4388-9B90-505FE228DC7D}.Release|Any CPU.ActiveCfg = Release|Any CPU
		{65C6E9AC-8C5F-4388-9B90-505FE228DC7D}.Release|Any CPU.Build.0 = Release|Any CPU
		{65C6E9AC-8C5F-4388-9B90-505FE228DC7D}.Release|x64.ActiveCfg = Release|x64
		{65C6E9AC-8C5F-4388-9B90-505FE228DC7D}.Release|x64.Build.0 = Release|x64
	EndGlobalSection
	GlobalSection(SolutionProperties) = preSolution
		HideSolutionNode = FALSE
	EndGlobalSection
	GlobalSection(ExtensibilityGlobals) = postSolution
		SolutionGuid = {9CE816CA-5D61-410A-B65C-3E45161A64DD}
	EndGlobalSection
EndGlobal
